
Microsoft Visual Studio Solution File, Format Version 11.00
# Visual C# Express 2010
Project("{FAE04EC0-301F-11D3-BF4B-00C04F79EFBC}") = "bt-lights", "bt-lights\bt-lights.csproj", "{9A7018F4-10F5-43CD-958F-4B4075668FC6}"
EndProject
Project("{FAE04EC0-301F-11D3-BF4B-00C04F79EFBC}") = "bt-lights-GUI", "bt-lights-GUI\bt-lights-GUI.csproj", "{98F3A0F5-9740-4FA9-BB6C-529953D1C650}"
	ProjectSection(ProjectDependencies) = postProject
		{9A7018F4-10F5-43CD-958F-4B4075668FC6} = {9A7018F4-10F5-43CD-958F-4B4075668FC6}
	EndProjectSection
EndProject
Global
	GlobalSection(SolutionConfigurationPlatforms) = preSolution
		Debug|Any CPU = Debug|Any CPU
		Debug|Mixed Platforms = Debug|Mixed Platforms
		Debug|x86 = Debug|x86
		DebugGUI|Any CPU = DebugGUI|Any CPU
		DebugGUI|Mixed Platforms = DebugGUI|Mixed Platforms
		DebugGUI|x86 = DebugGUI|x86
		Release|Any CPU = Release|Any CPU
		Release|Mixed Platforms = Release|Mixed Platforms
		Release|x86 = Release|x86
	EndGlobalSection
	GlobalSection(ProjectConfigurationPlatforms) = postSolution
		{9A7018F4-10F5-43CD-958F-4B4075668FC6}.Debug|Any CPU.ActiveCfg = Debug|Any CPU
		{9A7018F4-10F5-43CD-958F-4B4075668FC6}.Debug|Any CPU.Build.0 = Debug|Any CPU
		{9A7018F4-10F5-43CD-958F-4B4075668FC6}.Debug|Any CPU.Deploy.0 = Debug|Any CPU
		{9A7018F4-10F5-43CD-958F-4B4075668FC6}.Debug|Mixed Platforms.ActiveCfg = Debug|Any CPU
		{9A7018F4-10F5-43CD-958F-4B4075668FC6}.Debug|Mixed Platforms.Build.0 = Debug|Any CPU
		{9A7018F4-10F5-43CD-958F-4B4075668FC6}.Debug|Mixed Platforms.Deploy.0 = Debug|Any CPU
		{9A7018F4-10F5-43CD-958F-4B4075668FC6}.Debug|x86.ActiveCfg = Debug|Any CPU
		{9A7018F4-10F5-43CD-958F-4B4075668FC6}.DebugGUI|Any CPU.ActiveCfg = DebugGUI|Any CPU
		{9A7018F4-10F5-43CD-958F-4B4075668FC6}.DebugGUI|Mixed Platforms.ActiveCfg = DebugGUI|Any CPU
		{9A7018F4-10F5-43CD-958F-4B4075668FC6}.DebugGUI|x86.ActiveCfg = DebugGUI|Any CPU
		{9A7018F4-10F5-43CD-958F-4B4075668FC6}.Release|Any CPU.ActiveCfg = Release|Any CPU
		{9A7018F4-10F5-43CD-958F-4B4075668FC6}.Release|Any CPU.Build.0 = Release|Any CPU
		{9A7018F4-10F5-43CD-958F-4B4075668FC6}.Release|Any CPU.Deploy.0 = Release|Any CPU
		{9A7018F4-10F5-43CD-958F-4B4075668FC6}.Release|Mixed Platforms.ActiveCfg = Release|Any CPU
		{9A7018F4-10F5-43CD-958F-4B4075668FC6}.Release|Mixed Platforms.Build.0 = Release|Any CPU
		{9A7018F4-10F5-43CD-958F-4B4075668FC6}.Release|Mixed Platforms.Deploy.0 = Release|Any CPU
		{9A7018F4-10F5-43CD-958F-4B4075668FC6}.Release|x86.ActiveCfg = Release|Any CPU
		{98F3A0F5-9740-4FA9-BB6C-529953D1C650}.Debug|Any CPU.ActiveCfg = Debug|x86
		{98F3A0F5-9740-4FA9-BB6C-529953D1C650}.Debug|Mixed Platforms.ActiveCfg = Debug|x86
		{98F3A0F5-9740-4FA9-BB6C-529953D1C650}.Debug|Mixed Platforms.Build.0 = Debug|x86
		{98F3A0F5-9740-4FA9-BB6C-529953D1C650}.Debug|x86.ActiveCfg = Debug|x86
		{98F3A0F5-9740-4FA9-BB6C-529953D1C650}.Debug|x86.Build.0 = Debug|x86
		{98F3A0F5-9740-4FA9-BB6C-529953D1C650}.DebugGUI|Any CPU.ActiveCfg = DebugGUI|x86
		{98F3A0F5-9740-4FA9-BB6C-529953D1C650}.DebugGUI|Any CPU.Build.0 = DebugGUI|x86
		{98F3A0F5-9740-4FA9-BB6C-529953D1C650}.DebugGUI|Mixed Platforms.ActiveCfg = DebugGUI|x86
		{98F3A0F5-9740-4FA9-BB6C-529953D1C650}.DebugGUI|Mixed Platforms.Build.0 = DebugGUI|x86
		{98F3A0F5-9740-4FA9-BB6C-529953D1C650}.DebugGUI|Mixed Platforms.Deploy.0 = DebugGUI|x86
		{98F3A0F5-9740-4FA9-BB6C-529953D1C650}.DebugGUI|x86.ActiveCfg = DebugGUI|x86
		{98F3A0F5-9740-4FA9-BB6C-529953D1C650}.DebugGUI|x86.Build.0 = DebugGUI|x86
		{98F3A0F5-9740-4FA9-BB6C-529953D1C650}.Release|Any CPU.ActiveCfg = Release|x86
		{98F3A0F5-9740-4FA9-BB6C-529953D1C650}.Release|Mixed Platforms.ActiveCfg = Release|x86
		{98F3A0F5-9740-4FA9-BB6C-529953D1C650}.Release|Mixed Platforms.Build.0 = Release|x86
		{98F3A0F5-9740-4FA9-BB6C-529953D1C650}.Release|x86.ActiveCfg = Release|x86
		{98F3A0F5-9740-4FA9-BB6C-529953D1C650}.Release|x86.Build.0 = Release|x86
	EndGlobalSection
	GlobalSection(SolutionProperties) = preSolution
		HideSolutionNode = FALSE
	EndGlobalSection
EndGlobal
